
Microsoft Visual Studio Solution File, Format Version 11.00
# Visual Studio 2010
Project("{FAE04EC0-301F-11D3-BF4B-00C04F79EFBC}") = "Voxelist", "Voxelist.csproj", "{76F6727D-C87C-4F8C-94F5-7EDDB7105850}"
EndProject
Project("{FAE04EC0-301F-11D3-BF4B-00C04F79EFBC}") = "VoxelistDemo1", "..\VoxelistDemo1\VoxelistDemo1\VoxelistDemo1.csproj", "{ECA0E4ED-06BA-4F14-B265-BA403368ECD7}"
EndProject
Project("{FAE04EC0-301F-11D3-BF4B-00C04F79EFBC}") = "VoxelistDemo1Content", "..\VoxelistDemo1\VoxelistDemo1Content\VoxelistDemo1Content.contentproj", "{7D0829BB-6E9D-4459-AD57-98FEC7E58644}"
EndProject
Project("{FAE04EC0-301F-11D3-BF4B-00C04F79EFBC}") = "VoxelistDemo2", "..\VoxelistDemo2\VoxelistDemo2\VoxelistDemo2.csproj", "{45AB0243-A27D-4FA4-8A2D-10B51B5C1E55}"
EndProject
Project("{FAE04EC0-301F-11D3-BF4B-00C04F79EFBC}") = "VoxelistDemo2Content", "..\VoxelistDemo2\VoxelistDemo2Content\VoxelistDemo2Content.contentproj", "{CF89AFD4-57AB-4BA0-B02B-0BC5DAC6AEA6}"
EndProject
Project("{FAE04EC0-301F-11D3-BF4B-00C04F79EFBC}") = "VoxelistDemo3", "..\VoxelistDemo3\VoxelistDemo3\VoxelistDemo3.csproj", "{97CB8F35-D85E-4D11-B518-D4A1FC7B5176}"
EndProject
Project("{96E2B04D-8817-42C6-938A-82C39BA4D311}") = "VoxelistDemo3Content", "..\VoxelistDemo3\VoxelistDemo3Content\VoxelistDemo3Content.contentproj", "{063AEC0E-FFAA-4304-B409-C336D93F429C}"
EndProject
Global
	GlobalSection(SolutionConfigurationPlatforms) = preSolution
		Debug|x86 = Debug|x86
		Release|x86 = Release|x86
	EndGlobalSection
	GlobalSection(ProjectConfigurationPlatforms) = postSolution
		{76F6727D-C87C-4F8C-94F5-7EDDB7105850}.Debug|x86.ActiveCfg = Debug|x86
		{76F6727D-C87C-4F8C-94F5-7EDDB7105850}.Debug|x86.Build.0 = Debug|x86
		{76F6727D-C87C-4F8C-94F5-7EDDB7105850}.Release|x86.ActiveCfg = Release|x86
		{76F6727D-C87C-4F8C-94F5-7EDDB7105850}.Release|x86.Build.0 = Release|x86
		{ECA0E4ED-06BA-4F14-B265-BA403368ECD7}.Debug|x86.ActiveCfg = Debug|x86
		{ECA0E4ED-06BA-4F14-B265-BA403368ECD7}.Debug|x86.Build.0 = Debug|x86
		{ECA0E4ED-06BA-4F14-B265-BA403368ECD7}.Release|x86.ActiveCfg = Release|x86
		{ECA0E4ED-06BA-4F14-B265-BA403368ECD7}.Release|x86.Build.0 = Release|x86
		{7D0829BB-6E9D-4459-AD57-98FEC7E58644}.Debug|x86.ActiveCfg = Debug|x86
		{7D0829BB-6E9D-4459-AD57-98FEC7E58644}.Release|x86.ActiveCfg = Release|x86
		{45AB0243-A27D-4FA4-8A2D-10B51B5C1E55}.Debug|x86.ActiveCfg = Debug|x86
		{45AB0243-A27D-4FA4-8A2D-10B51B5C1E55}.Debug|x86.Build.0 = Debug|x86
		{45AB0243-A27D-4FA4-8A2D-10B51B5C1E55}.Release|x86.ActiveCfg = Release|x86
		{45AB0243-A27D-4FA4-8A2D-10B51B5C1E55}.Release|x86.Build.0 = Release|x86
		{CF89AFD4-57AB-4BA0-B02B-0BC5DAC6AEA6}.Debug|x86.ActiveCfg = Debug|x86
		{CF89AFD4-57AB-4BA0-B02B-0BC5DAC6AEA6}.Release|x86.ActiveCfg = Release|x86
		{97CB8F35-D85E-4D11-B518-D4A1FC7B5176}.Debug|x86.ActiveCfg = Debug|x86
		{97CB8F35-D85E-4D11-B518-D4A1FC7B5176}.Debug|x86.Build.0 = Debug|x86
		{97CB8F35-D85E-4D11-B518-D4A1FC7B5176}.Release|x86.ActiveCfg = Release|x86
		{97CB8F35-D85E-4D11-B518-D4A1FC7B5176}.Release|x86.Build.0 = Release|x86
		{063AEC0E-FFAA-4304-B409-C336D93F429C}.Debug|x86.ActiveCfg = Debug|x86
		{063AEC0E-FFAA-4304-B409-C336D93F429C}.Release|x86.ActiveCfg = Release|x86
	EndGlobalSection
	GlobalSection(SolutionProperties) = preSolution
		HideSolutionNode = FALSE
	EndGlobalSection
EndGlobal
